// !$*UTF8*$!
{
	archiveVersion = 1;
	classes = {
	};
	objectVersion = 46;
	objects = {

/* Begin PBXBuildFile section */
		4ECC7ABD1AC409E700973838 /* main.m in Sources */ = {isa = PBXBuildFile; fileRef = 4ECC7ABC1AC409E700973838 /* main.m */; };
		4ECC7AC01AC409E700973838 /* AppDelegate.m in Sources */ = {isa = PBXBuildFile; fileRef = 4ECC7ABF1AC409E700973838 /* AppDelegate.m */; };
		4ECC7AC31AC409E700973838 /* ViewController.m in Sources */ = {isa = PBXBuildFile; fileRef = 4ECC7AC21AC409E700973838 /* ViewController.m */; };
		4ECC7AC61AC409E700973838 /* Main.storyboard in Resources */ = {isa = PBXBuildFile; fileRef = 4ECC7AC41AC409E700973838 /* Main.storyboard */; };
		4ECC7AC81AC409E700973838 /* Images.xcassets in Resources */ = {isa = PBXBuildFile; fileRef = 4ECC7AC71AC409E700973838 /* Images.xcassets */; };
		4ECC7ACB1AC409E700973838 /* LaunchScreen.xib in Resources */ = {isa = PBXBuildFile; fileRef = 4ECC7AC91AC409E700973838 /* LaunchScreen.xib */; };
		4ECC7AD71AC409E700973838 /* FirstAppTests.m in Sources */ = {isa = PBXBuildFile; fileRef = 4ECC7AD61AC409E700973838 /* FirstAppTests.m */; };
/* End PBXBuildFile section */

/* Begin PBXContainerItemProxy section */
		4ECC7AD11AC409E700973838 /* PBXContainerItemProxy */ = {
			isa = PBXContainerItemProxy;
			containerPortal = 4ECC7AAF1AC409E700973838 /* Project object */;
			proxyType = 1;
			remoteGlobalIDString = 4ECC7AB61AC409E700973838;
			remoteInfo = FirstApp;
		};
/* End PBXContainerItemProxy section */

/* Begin PBXFileReference section */
		4ECC7AB71AC409E700973838 /* FirstApp.app */ = {isa = PBXFileReference; explicitFileType = wrapper.application; includeInIndex = 0; path = FirstApp.app; sourceTree = BUILT_PRODUCTS_DIR; };
		4ECC7ABB1AC409E700973838 /* Info.plist */ = {isa = PBXFileReference; lastKnownFileType = text.plist.xml; path = Info.plist; sourceTree = "<group>"; };
		4ECC7ABC1AC409E700973838 /* main.m */ = {isa = PBXFileReference; lastKnownFileType = sourcecode.c.objc; path = main.m; sourceTree = "<group>"; };
		4ECC7ABE1AC409E700973838 /* AppDelegate.h */ = {isa = PBXFileReference; lastKnownFileType = sourcecode.c.h; path = AppDelegate.h; sourceTree = "<group>"; };
		4ECC7ABF1AC409E700973838 /* AppDelegate.m */ = {isa = PBXFileReference; lastKnownFileType = sourcecode.c.objc; path = AppDelegate.m; sourceTree = "<group>"; };
		4ECC7AC11AC409E700973838 /* ViewController.h */ = {isa = PBXFileReference; lastKnownFileType = sourcecode.c.h; path = ViewController.h; sourceTree = "<group>"; };
		4ECC7AC21AC409E700973838 /* ViewController.m */ = {isa = PBXFileReference; lastKnownFileType = sourcecode.c.objc; path = ViewController.m; sourceTree = "<group>"; };
		4ECC7AC51AC409E700973838 /* Base */ = {isa = PBXFileReference; lastKnownFileType = file.storyboard; name = Base; path = Base.lproj/Main.storyboard; sourceTree = "<group>"; };
		4ECC7AC71AC409E700973838 /* Images.xcassets */ = {isa = PBXFileReference; lastKnownFileType = folder.assetcatalog; path = Images.xcassets; sourceTree = "<group>"; };
		4ECC7ACA1AC409E700973838 /* Base */ = {isa = PBXFileReference; lastKnownFileType = file.xib; name = Base; path = Base.lproj/LaunchScreen.xib; sourceTree = "<group>"; };
		4ECC7AD01AC409E700973838 /* FirstAppTests.xctest */ = {isa = PBXFileReference; explicitFileType = wrapper.cfbundle; includeInIndex = 0; path = FirstAppTests.xctest; sourceTree = BUILT_PRODUCTS_DIR; };
		4ECC7AD51AC409E700973838 /* Info.plist */ = {isa = PBXFileReference; lastKnownFileType = text.plist.xml; path = Info.plist; sourceTree = "<group>"; };
		4ECC7AD61AC409E700973838 /* FirstAppTests.m */ = {isa = PBXFileReference; lastKnownFileType = sourcecode.c.objc; path = FirstAppTests.m; sourceTree = "<group>"; };
/* End PBXFileReference section */

/* Begin PBXFrameworksBuildPhase section */
		4ECC7AB41AC409E700973838 /* Frameworks */ = {
			isa = PBXFrameworksBuildPhase;
			buildActionMask = 2147483647;
			files = (
			);
			runOnlyForDeploymentPostprocessing = 0;
		};
		4ECC7ACD1AC409E700973838 /* Frameworks */ = {
			isa = PBXFrameworksBuildPhase;
			buildActionMask = 2147483647;
			files = (
			);
			runOnlyForDeploymentPostprocessing = 0;
		};
/* End PBXFrameworksBuildPhase section */

/* Begin PBXGroup section */
		4ECC7AAE1AC409E700973838 = {
			isa = PBXGroup;
			children = (
				4ECC7AB91AC409E700973838 /* FirstApp */,
				4ECC7AD31AC409E700973838 /* FirstAppTests */,
				4ECC7AB81AC409E700973838 /* Products */,
			);
			sourceTree = "<group>";
		};
		4ECC7AB81AC409E700973838 /* Products */ = {
			isa = PBXGroup;
			children = (
				4ECC7AB71AC409E700973838 /* FirstApp.app */,
				4ECC7AD01AC409E700973838 /* FirstAppTests.xctest */,
			);
			name = Products;
			sourceTree = "<group>";
		};
		4ECC7AB91AC409E700973838 /* FirstApp */ = {
			isa = PBXGroup;
			children = (
				4ECC7ABE1AC409E700973838 /* AppDelegate.h */,
				4ECC7ABF1AC409E700973838 /* AppDelegate.m */,
				4ECC7AC11AC409E700973838 /* ViewController.h */,
				4ECC7AC21AC409E700973838 /* ViewController.m */,
				4ECC7AC41AC409E700973838 /* Main.storyboard */,
				4ECC7AC71AC409E700973838 /* Images.xcassets */,
				4ECC7AC91AC409E700973838 /* LaunchScreen.xib */,
				4ECC7ABA1AC409E700973838 /* Supporting Files */,
			);
			path = FirstApp;
			sourceTree = "<group>";
		};
		4ECC7ABA1AC409E700973838 /* Supporting Files */ = {
			isa = PBXGroup;
			children = (
				4ECC7ABB1AC409E700973838 /* Info.plist */,
				4ECC7ABC1AC409E700973838 /* main.m */,
			);
			name = "Supporting Files";
			sourceTree = "<group>";
		};
		4ECC7AD31AC409E700973838 /* FirstAppTests */ = {
			isa = PBXGroup;
			children = (
				4ECC7AD61AC409E700973838 /* FirstAppTests.m */,
				4ECC7AD41AC409E700973838 /* Supporting Files */,
			);
			path = FirstAppTests;
			sourceTree = "<group>";
		};
		4ECC7AD41AC409E700973838 /* Supporting Files */ = {
			isa = PBXGroup;
			children = (
				4ECC7AD51AC409E700973838 /* Info.plist */,
			);
			name = "Supporting Files";
			sourceTree = "<group>";
		};
/* End PBXGroup section */

/* Begin PBXNativeTarget section */
		4ECC7AB61AC409E700973838 /* FirstApp */ = {
			isa = PBXNativeTarget;
			buildConfigurationList = 4ECC7ADA1AC409E700973838 /* Build configuration list for PBXNativeTarget "FirstApp" */;
			buildPhases = (
				4ECC7AB31AC409E700973838 /* Sources */,
				4ECC7AB41AC409E700973838 /* Frameworks */,
				4ECC7AB51AC409E700973838 /* Resources */,
			);
			buildRules = (
			);
			dependencies = (
			);
			name = FirstApp;
			productName = FirstApp;
			productReference = 4ECC7AB71AC409E700973838 /* FirstApp.app */;
			productType = "com.apple.product-type.application";
		};
		4ECC7ACF1AC409E700973838 /* FirstAppTests */ = {
			isa = PBXNativeTarget;
			buildConfigurationList = 4ECC7ADD1AC409E700973838 /* Build configuration list for PBXNativeTarget "FirstAppTests" */;
			buildPhases = (
				4ECC7ACC1AC409E700973838 /* Sources */,
				4ECC7ACD1AC409E700973838 /* Frameworks */,
				4ECC7ACE1AC409E700973838 /* Resources */,
			);
			buildRules = (
			);
			dependencies = (
				4ECC7AD21AC409E700973838 /* PBXTargetDependency */,
			);
			name = FirstAppTests;
			productName = FirstAppTests;
			productReference = 4ECC7AD01AC409E700973838 /* FirstAppTests.xctest */;
			productType = "com.apple.product-type.bundle.unit-test";
		};
/* End PBXNativeTarget section */

/* Begin PBXProject section */
		4ECC7AAF1AC409E700973838 /* Project object */ = {
			isa = PBXProject;
			attributes = {
				LastUpgradeCheck = 0620;
				ORGANIZATIONNAME = Martinecoder;
				TargetAttributes = {
					4ECC7AB61AC409E700973838 = {
						CreatedOnToolsVersion = 6.2;
					};
					4ECC7ACF1AC409E700973838 = {
						CreatedOnToolsVersion = 6.2;
						TestTargetID = 4ECC7AB61AC409E700973838;
					};
				};
			};
			buildConfigurationList = 4ECC7AB21AC409E700973838 /* Build configuration list for PBXProject "FirstApp" */;
			compatibilityVersion = "Xcode 3.2";
			developmentRegion = English;
			hasScannedForEncodings = 0;
			knownRegions = (
				en,
				Base,
			);
			mainGroup = 4ECC7AAE1AC409E700973838;
			productRefGroup = 4ECC7AB81AC409E700973838 /* Products */;
			projectDirPath = "";
			projectRoot = "";
			targets = (
				4ECC7AB61AC409E700973838 /* FirstApp */,
				4ECC7ACF1AC409E700973838 /* FirstAppTests */,
			);
		};
/* End PBXProject section */

/* Begin PBXResourcesBuildPhase section */
		4ECC7AB51AC409E700973838 /* Resources */ = {
			isa = PBXResourcesBuildPhase;
			buildActionMask = 2147483647;
			files = (
				4ECC7AC61AC409E700973838 /* Main.storyboard in Resources */,
				4ECC7ACB1AC409E700973838 /* LaunchScreen.xib in Resources */,
				4ECC7AC81AC409E700973838 /* Images.xcassets in Resources */,
			);
			runOnlyForDeploymentPostprocessing = 0;
		};
		4ECC7ACE1AC409E700973838 /* Resources */ = {
			isa = PBXResourcesBuildPhase;
			buildActionMask = 2147483647;
			files = (
			);
			runOnlyForDeploymentPostprocessing = 0;
		};
/* End PBXResourcesBuildPhase section */

/* Begin PBXSourcesBuildPhase section */
		4ECC7AB31AC409E700973838 /* Sources */ = {
			isa = PBXSourcesBuildPhase;
			buildActionMask = 2147483647;
			files = (
				4ECC7AC31AC409E700973838 /* ViewController.m in Sources */,
				4ECC7AC01AC409E700973838 /* AppDelegate.m in Sources */,
				4ECC7ABD1AC409E700973838 /* main.m in Sources */,
			);
			runOnlyForDeploymentPostprocessing = 0;
		};
		4ECC7ACC1AC409E700973838 /* Sources */ = {
			isa = PBXSourcesBuildPhase;
			buildActionMask = 2147483647;
			files = (
				4ECC7AD71AC409E700973838 /* FirstAppTests.m in Sources */,
			);
			runOnlyForDeploymentPostprocessing = 0;
		};
/* End PBXSourcesBuildPhase section */

/* Begin PBXTargetDependency section */
		4ECC7AD21AC409E700973838 /* PBXTargetDependency */ = {
			isa = PBXTargetDependency;
			target = 4ECC7AB61AC409E700973838 /* FirstApp */;
			targetProxy = 4ECC7AD11AC409E700973838 /* PBXContainerItemProxy */;
		};
/* End PBXTargetDependency section */

/* Begin PBXVariantGroup section */
		4ECC7AC41AC409E700973838 /* Main.storyboard */ = {
			isa = PBXVariantGroup;
			children = (
				4ECC7AC51AC409E700973838 /* Base */,
			);
			name = Main.storyboard;
			sourceTree = "<group>";
		};
		4ECC7AC91AC409E700973838 /* LaunchScreen.xib */ = {
			isa = PBXVariantGroup;
			children = (
				4ECC7ACA1AC409E700973838 /* Base */,
			);
			name = LaunchScreen.xib;
			sourceTree = "<group>";
		};
/* End PBXVariantGroup section */

/* Begin XCBuildConfiguration section */
		4ECC7AD81AC409E700973838 /* Debug */ = {
			isa = XCBuildConfiguration;
			buildSettings = {
				ALWAYS_SEARCH_USER_PATHS = NO;
				CLANG_CXX_LANGUAGE_STANDARD = "gnu++0x";
				CLANG_CXX_LIBRARY = "libc++";
				CLANG_ENABLE_MODULES = YES;
				CLANG_ENABLE_OBJC_ARC = YES;
				CLANG_WARN_BOOL_CONVERSION = YES;
				CLANG_WARN_CONSTANT_CONVERSION = YES;
				CLANG_WARN_DIRECT_OBJC_ISA_USAGE = YES_ERROR;
				CLANG_WARN_EMPTY_BODY = YES;
				CLANG_WARN_ENUM_CONVERSION = YES;
				CLANG_WARN_INT_CONVERSION = YES;
				CLANG_WARN_OBJC_ROOT_CLASS = YES_ERROR;
				CLANG_WARN_UNREACHABLE_CODE = YES;
				CLANG_WARN__DUPLICATE_METHOD_MATCH = YES;
				"CODE_SIGN_IDENTITY[sdk=iphoneos*]" = "iPhone Developer";
				COPY_PHASE_STRIP = NO;
				ENABLE_STRICT_OBJC_MSGSEND = YES;
				GCC_C_LANGUAGE_STANDARD = gnu99;
				GCC_DYNAMIC_NO_PIC = NO;
				GCC_OPTIMIZATION_LEVEL = 0;
				GCC_PREPROCESSOR_DEFINITIONS = (
					"DEBUG=1",
					"$(inherited)",
				);
				GCC_SYMBOLS_PRIVATE_EXTERN = NO;
				GCC_WARN_64_TO_32_BIT_CONVERSION = YES;
				GCC_WARN_ABOUT_RETURN_TYPE = YES_ERROR;
				GCC_WARN_UNDECLARED_SELECTOR = YES;
				GCC_WARN_UNINITIALIZED_AUTOS = YES_AGGRESSIVE;
				GCC_WARN_UNUSED_FUNCTION = YES;
				GCC_WARN_UNUSED_VARIABLE = YES;
				IPHONEOS_DEPLOYMENT_TARGET = 8.2;
				MTL_ENABLE_DEBUG_INFO = YES;
				ONLY_ACTIVE_ARCH = YES;
				SDKROOT = iphoneos;
			};
			name = Debug;
		};
		4ECC7AD91AC409E700973838 /* Release */ = {
			isa = XCBuildConfiguration;
			buildSettings = {
				ALWAYS_SEARCH_USER_PATHS = NO;
				CLANG_CXX_LANGUAGE_STANDARD = "gnu++0x";
				CLANG_CXX_LIBRARY = "libc++";
				CLANG_ENABLE_MODULES = YES;
				CLANG_ENABLE_OBJC_ARC = YES;
				CLANG_WARN_BOOL_CONVERSION = YES;
				CLANG_WARN_CONSTANT_CONVERSION = YES;
				CLANG_WARN_DIRECT_OBJC_ISA_USAGE = YES_ERROR;
				CLANG_WARN_EMPTY_BODY = YES;
				CLANG_WARN_ENUM_CONVERSION = YES;
				CLANG_WARN_INT_CONVERSION = YES;
				CLANG_WARN_OBJC_ROOT_CLASS = YES_ERROR;
				CLANG_WARN_UNREACHABLE_CODE = YES;
				CLANG_WARN__DUPLICATE_METHOD_MATCH = YES;
				"CODE_SIGN_IDENTITY[sdk=iphoneos*]" = "iPhone Developer";
				COPY_PHASE_STRIP = NO;
				ENABLE_NS_ASSERTIONS = NO;
				ENABLE_STRICT_OBJC_MSGSEND = YES;
				GCC_C_LANGUAGE_STANDARD = gnu99;
				GCC_WARN_64_TO_32_BIT_CONVERSION = YES;
				GCC_WARN_ABOUT_RETURN_TYPE = YES_ERROR;
				GCC_WARN_UNDECLARED_SELECTOR = YES;
				GCC_WARN_UNINITIALIZED_AUTOS = YES_AGGRESSIVE;
				GCC_WARN_UNUSED_FUNCTION = YES;
				GCC_WARN_UNUSED_VARIABLE = YES;
				IPHONEOS_DEPLOYMENT_TARGET = 8.2;
				MTL_ENABLE_DEBUG_INFO = NO;
				SDKROOT = iphoneos;
				VALIDATE_PRODUCT = YES;
			};
			name = Release;
		};
		4ECC7ADB1AC409E700973838 /* Debug */ = {
			isa = XCBuildConfiguration;
			buildSettings = {
				ASSETCATALOG_COMPILER_APPICON_NAME = AppIcon;
				INFOPLIST_FILE = FirstApp/Info.plist;
				LD_RUNPATH_SEARCH_PATHS = "$(inherited) @executable_path/Frameworks";
				PRODUCT_NAME = "$(TARGET_NAME)";
			};
			name = Debug;
		};
		4ECC7ADC1AC409E700973838 /* Release */ = {
			isa = XCBuildConfiguration;
			buildSettings = {
				ASSETCATALOG_COMPILER_APPICON_NAME = AppIcon;
				INFOPLIST_FILE = FirstApp/Info.plist;
				LD_RUNPATH_SEARCH_PATHS = "$(inherited) @executable_path/Frameworks";
				PRODUCT_NAME = "$(TARGET_NAME)";
			};
			name = Release;
		};
		4ECC7ADE1AC409E700973838 /* Debug */ = {
			isa = XCBuildConfiguration;
			buildSettings = {
				BUNDLE_LOADER = "$(TEST_HOST)";
				FRAMEWORK_SEARCH_PATHS = (
					"$(SDKROOT)/Developer/Library/Frameworks",
					"$(inherited)",
				);
				GCC_PREPROCESSOR_DEFINITIONS = (
					"DEBUG=1",
					"$(inherited)",
				);
				INFOPLIST_FILE = FirstAppTests/Info.plist;
				LD_RUNPATH_SEARCH_PATHS = "$(inherited) @executable_path/Frameworks @loader_path/Frameworks";
				PRODUCT_NAME = "$(TARGET_NAME)";
				TEST_HOST = "$(BUILT_PRODUCTS_DIR)/FirstApp.app/FirstApp";
			};
			name = Debug;
		};
		4ECC7ADF1AC409E700973838 /* Release */ = {
			isa = XCBuildConfiguration;
			buildSettings = {
				BUNDLE_LOADER = "$(TEST_HOST)";
				FRAMEWORK_SEARCH_PATHS = (
					"$(SDKROOT)/Developer/Library/Frameworks",
					"$(inherited)",
				);
				INFOPLIST_FILE = FirstAppTests/Info.plist;
				LD_RUNPATH_SEARCH_PATHS = "$(inherited) @executable_path/Frameworks @loader_path/Frameworks";
				PRODUCT_NAME = "$(TARGET_NAME)";
				TEST_HOST = "$(BUILT_PRODUCTS_DIR)/FirstApp.app/FirstApp";
			};
			name = Release;
		};
/* End XCBuildConfiguration section */

/* Begin XCConfigurationList section */
		4ECC7AB21AC409E700973838 /* Build configuration list for PBXProject "FirstApp" */ = {
			isa = XCConfigurationList;
			buildConfigurations = (
				4ECC7AD81AC409E700973838 /* Debug */,
				4ECC7AD91AC409E700973838 /* Release */,
			);
			defaultConfigurationIsVisible = 0;
			defaultConfigurationName = Release;
		};
		4ECC7ADA1AC409E700973838 /* Build configuration list for PBXNativeTarget "FirstApp" */ = {
			isa = XCConfigurationList;
			buildConfigurations = (
				4ECC7ADB1AC409E700973838 /* Debug */,
				4ECC7ADC1AC409E700973838 /* Release */,
			);
			defaultConfigurationIsVisible = 0;
		};
		4ECC7ADD1AC409E700973838 /* Build configuration list for PBXNativeTarget "FirstAppTests" */ = {
			isa = XCConfigurationList;
			buildConfigurations = (
				4ECC7ADE1AC409E700973838 /* Debug */,
				4ECC7ADF1AC409E700973838 /* Release */,
			);
			defaultConfigurationIsVisible = 0;
		};
/* End XCConfigurationList section */
	};
	rootObject = 4ECC7AAF1AC409E700973838 /* Project object */;
}
